<Solution>
  <Folder Name="/src/">
    <Project Path="src/CommandTree/CommandTree.fsproj" />
  </Folder>
  <Folder Name="/tests/">
    <Project Path="tests/CommandTree.Tests/CommandTree.Tests.fsproj" />
  </Folder>
  <Folder Name="/examples/">
    <Project Path="examples/ExampleCli/ExampleCli.fsproj" />
  </Folder>
</Solution>
